// !$*UTF8*$!
{
	archiveVersion = 1;
	classes = {
	};
	objectVersion = 56;
	objects = {

/* Begin PBXBuildFile section */
		B25126852C58B2DA008B0D43 /* spaceXApp.swift in Sources */ = {isa = PBXBuildFile; fileRef = B25126842C58B2DA008B0D43 /* spaceXApp.swift */; };
		B25126872C58B2DA008B0D43 /* ContentView.swift in Sources */ = {isa = PBXBuildFile; fileRef = B25126862C58B2DA008B0D43 /* ContentView.swift */; };
		B25126892C58B2DC008B0D43 /* Assets.xcassets in Resources */ = {isa = PBXBuildFile; fileRef = B25126882C58B2DC008B0D43 /* Assets.xcassets */; };
		B251268C2C58B2DC008B0D43 /* Preview Assets.xcassets in Resources */ = {isa = PBXBuildFile; fileRef = B251268B2C58B2DC008B0D43 /* Preview Assets.xcassets */; };
		B251268E2C58B2DC008B0D43 /* Persistence.swift in Sources */ = {isa = PBXBuildFile; fileRef = B251268D2C58B2DC008B0D43 /* Persistence.swift */; };
		B25126912C58B2DC008B0D43 /* spaceX.xcdatamodeld in Sources */ = {isa = PBXBuildFile; fileRef = B251268F2C58B2DC008B0D43 /* spaceX.xcdatamodeld */; };
		B25126992C58ED77008B0D43 /* NetworkService.swift in Sources */ = {isa = PBXBuildFile; fileRef = B25126982C58ED77008B0D43 /* NetworkService.swift */; };
		B2B727462CA29F2000E15C9A /* InformationView.swift in Sources */ = {isa = PBXBuildFile; fileRef = B2B727452CA29F2000E15C9A /* InformationView.swift */; };
		B2B727482CA2A72900E15C9A /* NetworkModel.swift in Sources */ = {isa = PBXBuildFile; fileRef = B2B727472CA2A72400E15C9A /* NetworkModel.swift */; };
/* End PBXBuildFile section */

/* Begin PBXFileReference section */
		B25126812C58B2DA008B0D43 /* spaceX.app */ = {isa = PBXFileReference; explicitFileType = wrapper.application; includeInIndex = 0; path = spaceX.app; sourceTree = BUILT_PRODUCTS_DIR; };
		B25126842C58B2DA008B0D43 /* spaceXApp.swift */ = {isa = PBXFileReference; lastKnownFileType = sourcecode.swift; path = spaceXApp.swift; sourceTree = "<group>"; };
		B25126862C58B2DA008B0D43 /* ContentView.swift */ = {isa = PBXFileReference; lastKnownFileType = sourcecode.swift; path = ContentView.swift; sourceTree = "<group>"; };
		B25126882C58B2DC008B0D43 /* Assets.xcassets */ = {isa = PBXFileReference; lastKnownFileType = folder.assetcatalog; path = Assets.xcassets; sourceTree = "<group>"; };
		B251268B2C58B2DC008B0D43 /* Preview Assets.xcassets */ = {isa = PBXFileReference; lastKnownFileType = folder.assetcatalog; path = "Preview Assets.xcassets"; sourceTree = "<group>"; };
		B251268D2C58B2DC008B0D43 /* Persistence.swift */ = {isa = PBXFileReference; lastKnownFileType = sourcecode.swift; path = Persistence.swift; sourceTree = "<group>"; };
		B25126902C58B2DC008B0D43 /* spaceX.xcdatamodel */ = {isa = PBXFileReference; lastKnownFileType = wrapper.xcdatamodel; path = spaceX.xcdatamodel; sourceTree = "<group>"; };
		B25126982C58ED77008B0D43 /* NetworkService.swift */ = {isa = PBXFileReference; lastKnownFileType = sourcecode.swift; path = NetworkService.swift; sourceTree = "<group>"; };
		B2B727452CA29F2000E15C9A /* InformationView.swift */ = {isa = PBXFileReference; lastKnownFileType = sourcecode.swift; path = InformationView.swift; sourceTree = "<group>"; };
		B2B727472CA2A72400E15C9A /* NetworkModel.swift */ = {isa = PBXFileReference; lastKnownFileType = sourcecode.swift; path = NetworkModel.swift; sourceTree = "<group>"; };
/* End PBXFileReference section */

/* Begin PBXFrameworksBuildPhase section */
		B251267E2C58B2DA008B0D43 /* Frameworks */ = {
			isa = PBXFrameworksBuildPhase;
			buildActionMask = 2147483647;
			files = (
			);
			runOnlyForDeploymentPostprocessing = 0;
		};
/* End PBXFrameworksBuildPhase section */

/* Begin PBXGroup section */
		B25126782C58B2DA008B0D43 = {
			isa = PBXGroup;
			children = (
				B25126832C58B2DA008B0D43 /* spaceX */,
				B25126822C58B2DA008B0D43 /* Products */,
			);
			sourceTree = "<group>";
		};
		B25126822C58B2DA008B0D43 /* Products */ = {
			isa = PBXGroup;
			children = (
				B25126812C58B2DA008B0D43 /* spaceX.app */,
			);
			name = Products;
			sourceTree = "<group>";
		};
		B25126832C58B2DA008B0D43 /* spaceX */ = {
			isa = PBXGroup;
			children = (
				B25126972C58ED67008B0D43 /* NetworkService */,
				B25126842C58B2DA008B0D43 /* spaceXApp.swift */,
				B25126862C58B2DA008B0D43 /* ContentView.swift */,
				B2B727452CA29F2000E15C9A /* InformationView.swift */,
				B25126882C58B2DC008B0D43 /* Assets.xcassets */,
				B251268D2C58B2DC008B0D43 /* Persistence.swift */,
				B251268F2C58B2DC008B0D43 /* spaceX.xcdatamodeld */,
				B251268A2C58B2DC008B0D43 /* Preview Content */,
			);
			path = spaceX;
			sourceTree = "<group>";
		};
		B251268A2C58B2DC008B0D43 /* Preview Content */ = {
			isa = PBXGroup;
			children = (
				B251268B2C58B2DC008B0D43 /* Preview Assets.xcassets */,
			);
			path = "Preview Content";
			sourceTree = "<group>";
		};
		B25126972C58ED67008B0D43 /* NetworkService */ = {
			isa = PBXGroup;
			children = (
				B2B727472CA2A72400E15C9A /* NetworkModel.swift */,
				B25126982C58ED77008B0D43 /* NetworkService.swift */,
			);
			path = NetworkService;
			sourceTree = "<group>";
		};
/* End PBXGroup section */

/* Begin PBXNativeTarget section */
		B25126802C58B2DA008B0D43 /* spaceX */ = {
			isa = PBXNativeTarget;
			buildConfigurationList = B25126942C58B2DC008B0D43 /* Build configuration list for PBXNativeTarget "spaceX" */;
			buildPhases = (
				B251267D2C58B2DA008B0D43 /* Sources */,
				B251267E2C58B2DA008B0D43 /* Frameworks */,
				B251267F2C58B2DA008B0D43 /* Resources */,
			);
			buildRules = (
			);
			dependencies = (
			);
			name = spaceX;
			productName = spaceX;
			productReference = B25126812C58B2DA008B0D43 /* spaceX.app */;
			productType = "com.apple.product-type.application";
		};
/* End PBXNativeTarget section */

/* Begin PBXProject section */
		B25126792C58B2DA008B0D43 /* Project object */ = {
			isa = PBXProject;
			attributes = {
				BuildIndependentTargetsInParallel = 1;
				LastSwiftUpdateCheck = 1540;
				LastUpgradeCheck = 1540;
				TargetAttributes = {
					B25126802C58B2DA008B0D43 = {
						CreatedOnToolsVersion = 15.4;
					};
				};
			};
			buildConfigurationList = B251267C2C58B2DA008B0D43 /* Build configuration list for PBXProject "spaceX" */;
			compatibilityVersion = "Xcode 14.0";
			developmentRegion = en;
			hasScannedForEncodings = 0;
			knownRegions = (
				en,
				Base,
			);
			mainGroup = B25126782C58B2DA008B0D43;
			productRefGroup = B25126822C58B2DA008B0D43 /* Products */;
			projectDirPath = "";
			projectRoot = "";
			targets = (
				B25126802C58B2DA008B0D43 /* spaceX */,
			);
		};
/* End PBXProject section */

/* Begin PBXResourcesBuildPhase section */
		B251267F2C58B2DA008B0D43 /* Resources */ = {
			isa = PBXResourcesBuildPhase;
			buildActionMask = 2147483647;
			files = (
				B251268C2C58B2DC008B0D43 /* Preview Assets.xcassets in Resources */,
				B25126892C58B2DC008B0D43 /* Assets.xcassets in Resources */,
			);
			runOnlyForDeploymentPostprocessing = 0;
		};
/* End PBXResourcesBuildPhase section */

/* Begin PBXSourcesBuildPhase section */
		B251267D2C58B2DA008B0D43 /* Sources */ = {
			isa = PBXSourcesBuildPhase;
			buildActionMask = 2147483647;
			files = (
				B25126992C58ED77008B0D43 /* NetworkService.swift in Sources */,
				B251268E2C58B2DC008B0D43 /* Persistence.swift in Sources */,
				B25126872C58B2DA008B0D43 /* ContentView.swift in Sources */,
				B2B727462CA29F2000E15C9A /* InformationView.swift in Sources */,
				B25126852C58B2DA008B0D43 /* spaceXApp.swift in Sources */,
				B2B727482CA2A72900E15C9A /* NetworkModel.swift in Sources */,
				B25126912C58B2DC008B0D43 /* spaceX.xcdatamodeld in Sources */,
			);
			runOnlyForDeploymentPostprocessing = 0;
		};
/* End PBXSourcesBuildPhase section */

/* Begin XCBuildConfiguration section */
		B25126922C58B2DC008B0D43 /* Debug */ = {
			isa = XCBuildConfiguration;
			buildSettings = {
				ALWAYS_SEARCH_USER_PATHS = NO;
				ASSETCATALOG_COMPILER_GENERATE_SWIFT_ASSET_SYMBOL_EXTENSIONS = YES;
				CLANG_ANALYZER_NONNULL = YES;
				CLANG_ANALYZER_NUMBER_OBJECT_CONVERSION = YES_AGGRESSIVE;
				CLANG_CXX_LANGUAGE_STANDARD = "gnu++20";
				CLANG_ENABLE_MODULES = YES;
				CLANG_ENABLE_OBJC_ARC = YES;
				CLANG_ENABLE_OBJC_WEAK = YES;
				CLANG_WARN_BLOCK_CAPTURE_AUTORELEASING = YES;
				CLANG_WARN_BOOL_CONVERSION = YES;
				CLANG_WARN_COMMA = YES;
				CLANG_WARN_CONSTANT_CONVERSION = YES;
				CLANG_WARN_DEPRECATED_OBJC_IMPLEMENTATIONS = YES;
				CLANG_WARN_DIRECT_OBJC_ISA_USAGE = YES_ERROR;
				CLANG_WARN_DOCUMENTATION_COMMENTS = YES;
				CLANG_WARN_EMPTY_BODY = YES;
				CLANG_WARN_ENUM_CONVERSION = YES;
				CLANG_WARN_INFINITE_RECURSION = YES;
				CLANG_WARN_INT_CONVERSION = YES;
				CLANG_WARN_NON_LITERAL_NULL_CONVERSION = YES;
				CLANG_WARN_OBJC_IMPLICIT_RETAIN_SELF = YES;
				CLANG_WARN_OBJC_LITERAL_CONVERSION = YES;
				CLANG_WARN_OBJC_ROOT_CLASS = YES_ERROR;
				CLANG_WARN_QUOTED_INCLUDE_IN_FRAMEWORK_HEADER = YES;
				CLANG_WARN_RANGE_LOOP_ANALYSIS = YES;
				CLANG_WARN_STRICT_PROTOTYPES = YES;
				CLANG_WARN_SUSPICIOUS_MOVE = YES;
				CLANG_WARN_UNGUARDED_AVAILABILITY = YES_AGGRESSIVE;
				CLANG_WARN_UNREACHABLE_CODE = YES;
				CLANG_WARN__DUPLICATE_METHOD_MATCH = YES;
				COPY_PHASE_STRIP = NO;
				DEBUG_INFORMATION_FORMAT = dwarf;
				ENABLE_STRICT_OBJC_MSGSEND = YES;
				ENABLE_TESTABILITY = YES;
				ENABLE_USER_SCRIPT_SANDBOXING = YES;
				GCC_C_LANGUAGE_STANDARD = gnu17;
				GCC_DYNAMIC_NO_PIC = NO;
				GCC_NO_COMMON_BLOCKS = YES;
				GCC_OPTIMIZATION_LEVEL = 0;
				GCC_PREPROCESSOR_DEFINITIONS = (
					"DEBUG=1",
					"$(inherited)",
				);
				GCC_WARN_64_TO_32_BIT_CONVERSION = YES;
				GCC_WARN_ABOUT_RETURN_TYPE = YES_ERROR;
				GCC_WARN_UNDECLARED_SELECTOR = YES;
				GCC_WARN_UNINITIALIZED_AUTOS = YES_AGGRESSIVE;
				GCC_WARN_UNUSED_FUNCTION = YES;
				GCC_WARN_UNUSED_VARIABLE = YES;
				IPHONEOS_DEPLOYMENT_TARGET = 17.5;
				LOCALIZATION_PREFERS_STRING_CATALOGS = YES;
				MTL_ENABLE_DEBUG_INFO = INCLUDE_SOURCE;
				MTL_FAST_MATH = YES;
				ONLY_ACTIVE_ARCH = YES;
				SDKROOT = iphoneos;
				SWIFT_ACTIVE_COMPILATION_CONDITIONS = "DEBUG $(inherited)";
				SWIFT_OPTIMIZATION_LEVEL = "-Onone";
			};
			name = Debug;
		};
		B25126932C58B2DC008B0D43 /* Release */ = {
			isa = XCBuildConfiguration;
			buildSettings = {
				ALWAYS_SEARCH_USER_PATHS = NO;
				ASSETCATALOG_COMPILER_GENERATE_SWIFT_ASSET_SYMBOL_EXTENSIONS = YES;
				CLANG_ANALYZER_NONNULL = YES;
				CLANG_ANALYZER_NUMBER_OBJECT_CONVERSION = YES_AGGRESSIVE;
				CLANG_CXX_LANGUAGE_STANDARD = "gnu++20";
				CLANG_ENABLE_MODULES = YES;
				CLANG_ENABLE_OBJC_ARC = YES;
				CLANG_ENABLE_OBJC_WEAK = YES;
				CLANG_WARN_BLOCK_CAPTURE_AUTORELEASING = YES;
				CLANG_WARN_BOOL_CONVERSION = YES;
				CLANG_WARN_COMMA = YES;
				CLANG_WARN_CONSTANT_CONVERSION = YES;
				CLANG_WARN_DEPRECATED_OBJC_IMPLEMENTATIONS = YES;
				CLANG_WARN_DIRECT_OBJC_ISA_USAGE = YES_ERROR;
				CLANG_WARN_DOCUMENTATION_COMMENTS = YES;
				CLANG_WARN_EMPTY_BODY = YES;
				CLANG_WARN_ENUM_CONVERSION = YES;
				CLANG_WARN_INFINITE_RECURSION = YES;
				CLANG_WARN_INT_CONVERSION = YES;
				CLANG_WARN_NON_LITERAL_NULL_CONVERSION = YES;
				CLANG_WARN_OBJC_IMPLICIT_RETAIN_SELF = YES;
				CLANG_WARN_OBJC_LITERAL_CONVERSION = YES;
				CLANG_WARN_OBJC_ROOT_CLASS = YES_ERROR;
				CLANG_WARN_QUOTED_INCLUDE_IN_FRAMEWORK_HEADER = YES;
				CLANG_WARN_RANGE_LOOP_ANALYSIS = YES;
				CLANG_WARN_STRICT_PROTOTYPES = YES;
				CLANG_WARN_SUSPICIOUS_MOVE = YES;
				CLANG_WARN_UNGUARDED_AVAILABILITY = YES_AGGRESSIVE;
				CLANG_WARN_UNREACHABLE_CODE = YES;
				CLANG_WARN__DUPLICATE_METHOD_MATCH = YES;
				COPY_PHASE_STRIP = NO;
				DEBUG_INFORMATION_FORMAT = "dwarf-with-dsym";
				ENABLE_NS_ASSERTIONS = NO;
				ENABLE_STRICT_OBJC_MSGSEND = YES;
				ENABLE_USER_SCRIPT_SANDBOXING = YES;
				GCC_C_LANGUAGE_STANDARD = gnu17;
				GCC_NO_COMMON_BLOCKS = YES;
				GCC_WARN_64_TO_32_BIT_CONVERSION = YES;
				GCC_WARN_ABOUT_RETURN_TYPE = YES_ERROR;
				GCC_WARN_UNDECLARED_SELECTOR = YES;
				GCC_WARN_UNINITIALIZED_AUTOS = YES_AGGRESSIVE;
				GCC_WARN_UNUSED_FUNCTION = YES;
				GCC_WARN_UNUSED_VARIABLE = YES;
				IPHONEOS_DEPLOYMENT_TARGET = 17.5;
				LOCALIZATION_PREFERS_STRING_CATALOGS = YES;
				MTL_ENABLE_DEBUG_INFO = NO;
				MTL_FAST_MATH = YES;
				SDKROOT = iphoneos;
				SWIFT_COMPILATION_MODE = wholemodule;
				VALIDATE_PRODUCT = YES;
			};
			name = Release;
		};
		B25126952C58B2DC008B0D43 /* Debug */ = {
			isa = XCBuildConfiguration;
			buildSettings = {
				ASSETCATALOG_COMPILER_APPICON_NAME = AppIcon;
				ASSETCATALOG_COMPILER_GLOBAL_ACCENT_COLOR_NAME = AccentColor;
				CODE_SIGN_STYLE = Automatic;
				CURRENT_PROJECT_VERSION = 1;
				DEVELOPMENT_ASSET_PATHS = "\"spaceX/Preview Content\"";
				DEVELOPMENT_TEAM = Y6VX64W3KZ;
				ENABLE_PREVIEWS = YES;
				GENERATE_INFOPLIST_FILE = YES;
				INFOPLIST_KEY_UIApplicationSceneManifest_Generation = YES;
				INFOPLIST_KEY_UIApplicationSupportsIndirectInputEvents = YES;
				INFOPLIST_KEY_UILaunchScreen_Generation = YES;
				INFOPLIST_KEY_UISupportedInterfaceOrientations_iPad = "UIInterfaceOrientationPortrait UIInterfaceOrientationPortraitUpsideDown UIInterfaceOrientationLandscapeLeft UIInterfaceOrientationLandscapeRight";
				INFOPLIST_KEY_UISupportedInterfaceOrientations_iPhone = "UIInterfaceOrientationPortrait UIInterfaceOrientationLandscapeLeft UIInterfaceOrientationLandscapeRight";
				LD_RUNPATH_SEARCH_PATHS = (
					"$(inherited)",
					"@executable_path/Frameworks",
				);
				MARKETING_VERSION = 1.0;
				PRODUCT_BUNDLE_IDENTIFIER = ZhMks.spaceX;
				PRODUCT_NAME = "$(TARGET_NAME)";
				SWIFT_EMIT_LOC_STRINGS = YES;
				SWIFT_VERSION = 5.0;
				TARGETED_DEVICE_FAMILY = "1,2";
			};
			name = Debug;
		};
		B25126962C58B2DC008B0D43 /* Release */ = {
			isa = XCBuildConfiguration;
			buildSettings = {
				ASSETCATALOG_COMPILER_APPICON_NAME = AppIcon;
				ASSETCATALOG_COMPILER_GLOBAL_ACCENT_COLOR_NAME = AccentColor;
				CODE_SIGN_STYLE = Automatic;
				CURRENT_PROJECT_VERSION = 1;
				DEVELOPMENT_ASSET_PATHS = "\"spaceX/Preview Content\"";
				DEVELOPMENT_TEAM = Y6VX64W3KZ;
				ENABLE_PREVIEWS = YES;
				GENERATE_INFOPLIST_FILE = YES;
				INFOPLIST_KEY_UIApplicationSceneManifest_Generation = YES;
				INFOPLIST_KEY_UIApplicationSupportsIndirectInputEvents = YES;
				INFOPLIST_KEY_UILaunchScreen_Generation = YES;
				INFOPLIST_KEY_UISupportedInterfaceOrientations_iPad = "UIInterfaceOrientationPortrait UIInterfaceOrientationPortraitUpsideDown UIInterfaceOrientationLandscapeLeft UIInterfaceOrientationLandscapeRight";
				INFOPLIST_KEY_UISupportedInterfaceOrientations_iPhone = "UIInterfaceOrientationPortrait UIInterfaceOrientationLandscapeLeft UIInterfaceOrientationLandscapeRight";
				LD_RUNPATH_SEARCH_PATHS = (
					"$(inherited)",
					"@executable_path/Frameworks",
				);
				MARKETING_VERSION = 1.0;
				PRODUCT_BUNDLE_IDENTIFIER = ZhMks.spaceX;
				PRODUCT_NAME = "$(TARGET_NAME)";
				SWIFT_EMIT_LOC_STRINGS = YES;
				SWIFT_VERSION = 5.0;
				TARGETED_DEVICE_FAMILY = "1,2";
			};
			name = Release;
		};
/* End XCBuildConfiguration section */

/* Begin XCConfigurationList section */
		B251267C2C58B2DA008B0D43 /* Build configuration list for PBXProject "spaceX" */ = {
			isa = XCConfigurationList;
			buildConfigurations = (
				B25126922C58B2DC008B0D43 /* Debug */,
				B25126932C58B2DC008B0D43 /* Release */,
			);
			defaultConfigurationIsVisible = 0;
			defaultConfigurationName = Release;
		};
		B25126942C58B2DC008B0D43 /* Build configuration list for PBXNativeTarget "spaceX" */ = {
			isa = XCConfigurationList;
			buildConfigurations = (
				B25126952C58B2DC008B0D43 /* Debug */,
				B25126962C58B2DC008B0D43 /* Release */,
			);
			defaultConfigurationIsVisible = 0;
			defaultConfigurationName = Release;
		};
/* End XCConfigurationList section */

/* Begin XCVersionGroup section */
		B251268F2C58B2DC008B0D43 /* spaceX.xcdatamodeld */ = {
			isa = XCVersionGroup;
			children = (
				B25126902C58B2DC008B0D43 /* spaceX.xcdatamodel */,
			);
			currentVersion = B25126902C58B2DC008B0D43 /* spaceX.xcdatamodel */;
			path = spaceX.xcdatamodeld;
			sourceTree = "<group>";
			versionGroupType = wrapper.xcdatamodel;
		};
/* End XCVersionGroup section */
	};
	rootObject = B25126792C58B2DA008B0D43 /* Project object */;
}
